PODS:
  - Alamofire (3.4.1)
  - FoldingTabBar (1.0.4)
  - GMStepper (1.2.0)
  - Kingfisher (2.4.1)
  - Material (1.42.6)

DEPENDENCIES:
  - Alamofire (~> 3.4)
  - FoldingTabBar (~> 1.0.3)
  - GMStepper
  - Kingfisher (~> 2.4)
  - Material (~> 1.0)

SPEC CHECKSUMS:
  Alamofire: 01a82e2f6c0f860ade35534c8dd88be61bdef40c
  FoldingTabBar: 0b099ae881bb5e009eb5f893aba2d6d8d8a066a2
  GMStepper: e743b5648ae5fe877e33d3b51b5aa2df432f179d
  Kingfisher: 41aed5b6c1ed8fa98cf6d75283ce89cf7890f517
  Material: 76dc9b14ad8b3a2ad673b77ad73dd66ed1eee68c

PODFILE CHECKSUM: 5edb44de7e68ed2ed04710e51a0c8d2b5a5417b2

COCOAPODS: 1.0.1
